
Microsoft Visual Studio Solution File, Format Version 12.00
# Visual Studio 15
VisualStudioVersion = 15.0.28010.2041
MinimumVisualStudioVersion = 10.0.40219.1
Project("{9A19103F-16F7-4668-BE54-9A1E7A4F7556}") = "ArcTouch.Core", "ArcTouch.Core\ArcTouch.Core.csproj", "{A20CAC19-1761-45D7-98AA-0ADFC38F8FBE}"
EndProject
Project("{FAE04EC0-301F-11D3-BF4B-00C04F79EFBC}") = "ArcTouch.Droid", "ArcTouch.Droid\ArcTouch.Droid.csproj", "{76CAC21A-DA9A-42E8-8901-2DACB3372B11}"
EndProject
Global
	GlobalSection(SolutionConfigurationPlatforms) = preSolution
		Debug|Any CPU = Debug|Any CPU
		Release|Any CPU = Release|Any CPU
	EndGlobalSection
	GlobalSection(ProjectConfigurationPlatforms) = postSolution
		{A20CAC19-1761-45D7-98AA-0ADFC38F8FBE}.Debug|Any CPU.ActiveCfg = Debug|Any CPU
		{A20CAC19-1761-45D7-98AA-0ADFC38F8FBE}.Debug|Any CPU.Build.0 = Debug|Any CPU
		{A20CAC19-1761-45D7-98AA-0ADFC38F8FBE}.Release|Any CPU.ActiveCfg = Release|Any CPU
		{A20CAC19-1761-45D7-98AA-0ADFC38F8FBE}.Release|Any CPU.Build.0 = Release|Any CPU
		{76CAC21A-DA9A-42E8-8901-2DACB3372B11}.Debug|Any CPU.ActiveCfg = Debug|Any CPU
		{76CAC21A-DA9A-42E8-8901-2DACB3372B11}.Debug|Any CPU.Build.0 = Debug|Any CPU
		{76CAC21A-DA9A-42E8-8901-2DACB3372B11}.Debug|Any CPU.Deploy.0 = Debug|Any CPU
		{76CAC21A-DA9A-42E8-8901-2DACB3372B11}.Release|Any CPU.ActiveCfg = Release|Any CPU
		{76CAC21A-DA9A-42E8-8901-2DACB3372B11}.Release|Any CPU.Build.0 = Release|Any CPU
		{76CAC21A-DA9A-42E8-8901-2DACB3372B11}.Release|Any CPU.Deploy.0 = Release|Any CPU
	EndGlobalSection
	GlobalSection(SolutionProperties) = preSolution
		HideSolutionNode = FALSE
	EndGlobalSection
	GlobalSection(ExtensibilityGlobals) = postSolution
		SolutionGuid = {4CF6698E-C4BD-4A96-ABE1-1B0037CD55BB}
	EndGlobalSection
EndGlobal
